{
  "version": 4,
  "terraform_version": "0.15.5",
  "serial": 377,
  "lineage": "5b90be92-3b70-39af-762f-de33863dcd05",
  "outputs": {
    "HOST_ANSIBLE": {
      "value": "[win]\n35.199.124.81\n\n[win:vars]\nansible_user=adfs\nansible_password=\"P@ssw0rd\"\nansible_port=5986\nansible_connection=winrm\n; ansible_winrm_operation_timeout_sec=60\n; ansible_winrm_read_timeout_sec=70\n; ansible_winrm_scheme=http\nansible_winrm_transport=basic\nansible_winrm_server_cert_validation=ignore\nansible_winrm_kerberos_delegation=true",
      "type": "string"
    },
    "IP_ADFS": {
      "value": "35.199.124.81",
      "type": "string"
    }
  },
  "resources": [
    {
      "mode": "data",
      "type": "template_file",
      "name": "host-ansible",
      "provider": "provider[\"registry.terraform.io/hashicorp/template\"]",
      "instances": [
        {
          "schema_version": 0,
          "attributes": {
            "filename": null,
            "id": "98f711bc3bd06549587bb2381bacd0ea42c5de2a0e3cdde5d40643b390c982ad",
            "rendered": "[win]\n35.199.124.81\n\n[win:vars]\nansible_user=adfs\nansible_password=\"P@ssw0rd\"\nansible_port=5986\nansible_connection=winrm\n; ansible_winrm_operation_timeout_sec=60\n; ansible_winrm_read_timeout_sec=70\n; ansible_winrm_scheme=http\nansible_winrm_transport=basic\nansible_winrm_server_cert_validation=ignore\nansible_winrm_kerberos_delegation=true",
            "template": "[win]\n${ip_instancia}\n\n[win:vars]\nansible_user=adfs\nansible_password=\"P@ssw0rd\"\nansible_port=5986\nansible_connection=winrm\n; ansible_winrm_operation_timeout_sec=60\n; ansible_winrm_read_timeout_sec=70\n; ansible_winrm_scheme=http\nansible_winrm_transport=basic\nansible_winrm_server_cert_validation=ignore\nansible_winrm_kerberos_delegation=true",
            "vars": {
              "ip_instancia": "35.199.124.81"
            }
          },
          "sensitive_attributes": []
        }
      ]
    },
    {
      "mode": "managed",
      "type": "google_compute_firewall",
      "name": "adfs-firewall",
      "provider": "provider[\"registry.terraform.io/hashicorp/google\"]",
      "instances": [
        {
          "schema_version": 1,
          "attributes": {
            "allow": [
              {
                "ports": [
                  "3389",
                  "5986",
                  "80",
                  "443",
                  "8080"
                ],
                "protocol": "tcp"
              },
              {
                "ports": [],
                "protocol": "icmp"
              }
            ],
            "creation_timestamp": "2021-09-20T18:49:02.218-07:00",
            "deny": [],
            "description": "",
            "destination_ranges": [],
            "direction": "INGRESS",
            "disabled": false,
            "enable_logging": null,
            "id": "projects/loja-virtual-324215/global/firewalls/adfs-firewall",
            "log_config": [],
            "name": "adfs-firewall",
            "network": "https://www.googleapis.com/compute/v1/projects/loja-virtual-324215/global/networks/default",
            "priority": 1000,
            "project": "loja-virtual-324215",
            "self_link": "https://www.googleapis.com/compute/v1/projects/loja-virtual-324215/global/firewalls/adfs-firewall",
            "source_ranges": [
              "0.0.0.0/0"
            ],
            "source_service_accounts": null,
            "source_tags": null,
            "target_service_accounts": null,
            "target_tags": null,
            "timeouts": null
          },
          "sensitive_attributes": [],
          "private": "eyJlMmJmYjczMC1lY2FhLTExZTYtOGY4OC0zNDM2M2JjN2M0YzAiOnsiY3JlYXRlIjoyNDAwMDAwMDAwMDAsImRlbGV0ZSI6MjQwMDAwMDAwMDAwLCJ1cGRhdGUiOjI0MDAwMDAwMDAwMH0sInNjaGVtYV92ZXJzaW9uIjoiMSJ9"
        }
      ]
    },
    {
      "mode": "managed",
      "type": "google_compute_instance",
      "name": "servidor-windows-adfs",
      "provider": "provider[\"registry.terraform.io/hashicorp/google\"]",
      "instances": [
        {
          "schema_version": 6,
          "attributes": {
            "advanced_machine_features": [],
            "allow_stopping_for_update": null,
            "attached_disk": [],
            "boot_disk": [
              {
                "auto_delete": true,
                "device_name": "persistent-disk-0",
                "disk_encryption_key_raw": "",
                "disk_encryption_key_sha256": "",
                "initialize_params": [
                  {
                    "image": "https://www.googleapis.com/compute/v1/projects/loja-virtual-324215/global/images/windows-server-adfs",
                    "labels": {},
                    "size": 50,
                    "type": "pd-standard"
                  }
                ],
                "kms_key_self_link": "",
                "mode": "READ_WRITE",
                "source": "https://www.googleapis.com/compute/v1/projects/loja-virtual-324215/zones/southamerica-east1-a/disks/servidor-windows-adfs"
              }
            ],
            "can_ip_forward": false,
            "confidential_instance_config": [],
            "cpu_platform": "Intel Broadwell",
            "current_status": "RUNNING",
            "deletion_protection": false,
            "description": "",
            "desired_status": null,
            "enable_display": false,
            "guest_accelerator": [],
            "hostname": "",
            "id": "projects/loja-virtual-324215/zones/southamerica-east1-a/instances/servidor-windows-adfs",
            "instance_id": "2916241939179537632",
            "label_fingerprint": "42WmSpB8rSM=",
            "labels": null,
            "machine_type": "n1-highcpu-2",
            "metadata": null,
            "metadata_fingerprint": "My-MMIEgGoo=",
            "metadata_startup_script": "",
            "min_cpu_platform": "",
            "name": "servidor-windows-adfs",
            "network_interface": [
              {
                "access_config": [
                  {
                    "nat_ip": "35.199.124.81",
                    "network_tier": "PREMIUM",
                    "public_ptr_domain_name": ""
                  }
                ],
                "alias_ip_range": [],
                "name": "nic0",
                "network": "https://www.googleapis.com/compute/v1/projects/loja-virtual-324215/global/networks/default",
                "network_ip": "10.158.15.192",
                "nic_type": "",
                "subnetwork": "https://www.googleapis.com/compute/v1/projects/loja-virtual-324215/regions/southamerica-east1/subnetworks/default",
                "subnetwork_project": "loja-virtual-324215"
              }
            ],
            "project": "loja-virtual-324215",
            "reservation_affinity": [],
            "resource_policies": null,
            "scheduling": [
              {
                "automatic_restart": true,
                "min_node_cpus": 0,
                "node_affinities": [],
                "on_host_maintenance": "MIGRATE",
                "preemptible": false
              }
            ],
            "scratch_disk": [],
            "self_link": "https://www.googleapis.com/compute/v1/projects/loja-virtual-324215/zones/southamerica-east1-a/instances/servidor-windows-adfs",
            "service_account": [
              {
                "email": "201534981049-compute@developer.gserviceaccount.com",
                "scopes": [
                  "https://www.googleapis.com/auth/compute.readonly",
                  "https://www.googleapis.com/auth/devstorage.read_only",
                  "https://www.googleapis.com/auth/userinfo.email"
                ]
              }
            ],
            "shielded_instance_config": [
              {
                "enable_integrity_monitoring": true,
                "enable_secure_boot": false,
                "enable_vtpm": true
              }
            ],
            "tags": null,
            "tags_fingerprint": "42WmSpB8rSM=",
            "timeouts": null,
            "zone": "southamerica-east1-a"
          },
          "sensitive_attributes": [],
          "private": "eyJlMmJmYjczMC1lY2FhLTExZTYtOGY4OC0zNDM2M2JjN2M0YzAiOnsiY3JlYXRlIjoxMjAwMDAwMDAwMDAwLCJkZWxldGUiOjEyMDAwMDAwMDAwMDAsInVwZGF0ZSI6MTIwMDAwMDAwMDAwMH0sInNjaGVtYV92ZXJzaW9uIjoiNiJ9"
        }
      ]
    },
    {
      "mode": "managed",
      "type": "local_file",
      "name": "host",
      "provider": "provider[\"registry.terraform.io/hashicorp/local\"]",
      "instances": [
        {
          "schema_version": 0,
          "attributes": {
            "content": "[win]\n35.199.124.81\n\n[win:vars]\nansible_user=adfs\nansible_password=\"P@ssw0rd\"\nansible_port=5986\nansible_connection=winrm\n; ansible_winrm_operation_timeout_sec=60\n; ansible_winrm_read_timeout_sec=70\n; ansible_winrm_scheme=http\nansible_winrm_transport=basic\nansible_winrm_server_cert_validation=ignore\nansible_winrm_kerberos_delegation=true",
            "content_base64": null,
            "directory_permission": "0777",
            "file_permission": "0777",
            "filename": "./hosts.ini",
            "id": "6c2976e06c70e22e28b9888bee3f03a0abddd545",
            "sensitive_content": null,
            "source": null
          },
          "sensitive_attributes": [],
          "private": "bnVsbA==",
          "dependencies": [
            "data.template_file.host-ansible",
            "google_compute_instance.servidor-windows-adfs"
          ]
        }
      ]
    },
    {
      "mode": "managed",
      "type": "null_resource",
      "name": "playbook-exec",
      "provider": "provider[\"registry.terraform.io/hashicorp/null\"]",
      "instances": [
        {
          "status": "tainted",
          "schema_version": 0,
          "attributes": {
            "id": "4603681332671829495",
            "triggers": null
          },
          "sensitive_attributes": [],
          "private": "bnVsbA==",
          "dependencies": [
            "data.template_file.host-ansible",
            "google_compute_instance.servidor-windows-adfs",
            "local_file.host",
            "time_sleep.espera_130_segundos"
          ]
        }
      ]
    },
    {
      "mode": "managed",
      "type": "time_sleep",
      "name": "espera_130_segundos",
      "provider": "provider[\"registry.terraform.io/hashicorp/time\"]",
      "instances": [
        {
          "schema_version": 0,
          "attributes": {
            "create_duration": "130s",
            "destroy_duration": null,
            "id": "2021-09-21T01:51:10Z",
            "triggers": null
          },
          "sensitive_attributes": [],
          "private": "bnVsbA=="
        }
      ]
    }
  ]
}
